
Microsoft Visual Studio Solution File, Format Version 12.00
# Visual Studio Version 16
VisualStudioVersion = 16.0.30406.217
MinimumVisualStudioVersion = 10.0.40219.1
Project("{FAE04EC0-301F-11D3-BF4B-00C04F79EFBC}") = "BetterMusicTitle", "BetterMusicTitle.csproj", "{9E91ABB5-FA45-48E0-9EC6-0B5258F83AF0}"
EndProject
Global
	GlobalSection(SolutionConfigurationPlatforms) = preSolution
		Debug|Any CPU = Debug|Any CPU
		Release|Any CPU = Release|Any CPU
	EndGlobalSection
	GlobalSection(ProjectConfigurationPlatforms) = postSolution
		{9E91ABB5-FA45-48E0-9EC6-0B5258F83AF0}.Debug|Any CPU.ActiveCfg = Debug|Any CPU
		{9E91ABB5-FA45-48E0-9EC6-0B5258F83AF0}.Debug|Any CPU.Build.0 = Debug|Any CPU
		{9E91ABB5-FA45-48E0-9EC6-0B5258F83AF0}.Release|Any CPU.ActiveCfg = Release|Any CPU
		{9E91ABB5-FA45-48E0-9EC6-0B5258F83AF0}.Release|Any CPU.Build.0 = Release|Any CPU
	EndGlobalSection
	GlobalSection(SolutionProperties) = preSolution
		HideSolutionNode = FALSE
	EndGlobalSection
	GlobalSection(ExtensibilityGlobals) = postSolution
		SolutionGuid = {F9E7C168-1A8D-41DF-8E4F-02770EB30200}
	EndGlobalSection
EndGlobal
